
Microsoft Visual Studio Solution File, Format Version 12.00
# Visual Studio Version 17
VisualStudioVersion = 17.0.31903.59
MinimumVisualStudioVersion = 10.0.40219.1
Project("{FAE04EC0-301F-11D3-BF4B-00C04F79EFBC}") = "ForDockerTest", "ForDockerTest\ForDockerTest.csproj", "{1502B7B9-FE34-4147-B4DB-09EAB80F8F5B}"
EndProject
Global
	GlobalSection(SolutionConfigurationPlatforms) = preSolution
		Debug|Any CPU = Debug|Any CPU
		Release|Any CPU = Release|Any CPU
	EndGlobalSection
	GlobalSection(ProjectConfigurationPlatforms) = postSolution
		{1502B7B9-FE34-4147-B4DB-09EAB80F8F5B}.Debug|Any CPU.ActiveCfg = Debug|Any CPU
		{1502B7B9-FE34-4147-B4DB-09EAB80F8F5B}.Debug|Any CPU.Build.0 = Debug|Any CPU
		{1502B7B9-FE34-4147-B4DB-09EAB80F8F5B}.Release|Any CPU.ActiveCfg = Release|Any CPU
		{1502B7B9-FE34-4147-B4DB-09EAB80F8F5B}.Release|Any CPU.Build.0 = Release|Any CPU
	EndGlobalSection
	GlobalSection(SolutionProperties) = preSolution
		HideSolutionNode = FALSE
	EndGlobalSection
	GlobalSection(ExtensibilityGlobals) = postSolution
		SolutionGuid = {A425B7A9-D86A-4F37-A92B-FA0EA334BFA1}
	EndGlobalSection
EndGlobal
